# This file is automatically @generated by Cargo.
# It is not intended for manual editing.
version = 4

[[package]]
name = "llmsh-audit"
version = "0.1.0"

[[package]]
name = "llmsh-cli"
version = "0.1.0"

[[package]]
name = "llmsh-core"
version = "0.1.0"

[[package]]
name = "llmsh-llm"
version = "0.1.0"

[[package]]
name = "llmsh-llm-openai"
version = "0.1.0"

[[package]]
name = "llmsh-policy"
version = "0.1.0"

[[package]]
name = "llmsh-tools"
version = "0.1.0"
